// !$*UTF8*$!
{
	archiveVersion = 1;
	classes = {
	};
	objectVersion = 46;
	objects = {

/* Begin PBXBuildFile section */
		8354626C1C94E90500315F6A /* AppDelegate.swift in Sources */ = {isa = PBXBuildFile; fileRef = 8354626B1C94E90500315F6A /* AppDelegate.swift */; };
		835462711C94E90500315F6A /* Main.storyboard in Resources */ = {isa = PBXBuildFile; fileRef = 8354626F1C94E90500315F6A /* Main.storyboard */; };
		835462731C94E90500315F6A /* Assets.xcassets in Resources */ = {isa = PBXBuildFile; fileRef = 835462721C94E90500315F6A /* Assets.xcassets */; };
		835462761C94E90500315F6A /* LaunchScreen.storyboard in Resources */ = {isa = PBXBuildFile; fileRef = 835462741C94E90500315F6A /* LaunchScreen.storyboard */; };
		835462811C94E90500315F6A /* HappinessTests.swift in Sources */ = {isa = PBXBuildFile; fileRef = 835462801C94E90500315F6A /* HappinessTests.swift */; };
		8354628C1C94E90500315F6A /* HappinessUITests.swift in Sources */ = {isa = PBXBuildFile; fileRef = 8354628B1C94E90500315F6A /* HappinessUITests.swift */; };
		8354629C1C94EA6600315F6A /* HappinessViewController.swift in Sources */ = {isa = PBXBuildFile; fileRef = 8354629B1C94EA6600315F6A /* HappinessViewController.swift */; };
		8354629E1C94EC0500315F6A /* FaceView.swift in Sources */ = {isa = PBXBuildFile; fileRef = 8354629D1C94EC0500315F6A /* FaceView.swift */; };
/* End PBXBuildFile section */

/* Begin PBXContainerItemProxy section */
		8354627D1C94E90500315F6A /* PBXContainerItemProxy */ = {
			isa = PBXContainerItemProxy;
			containerPortal = 835462601C94E90500315F6A /* Project object */;
			proxyType = 1;
			remoteGlobalIDString = 835462671C94E90500315F6A;
			remoteInfo = Happiness;
		};
		835462881C94E90500315F6A /* PBXContainerItemProxy */ = {
			isa = PBXContainerItemProxy;
			containerPortal = 835462601C94E90500315F6A /* Project object */;
			proxyType = 1;
			remoteGlobalIDString = 835462671C94E90500315F6A;
			remoteInfo = Happiness;
		};
/* End PBXContainerItemProxy section */

/* Begin PBXFileReference section */
		835462681C94E90500315F6A /* Happiness.app */ = {isa = PBXFileReference; explicitFileType = wrapper.application; includeInIndex = 0; path = Happiness.app; sourceTree = BUILT_PRODUCTS_DIR; };
		8354626B1C94E90500315F6A /* AppDelegate.swift */ = {isa = PBXFileReference; lastKnownFileType = sourcecode.swift; path = AppDelegate.swift; sourceTree = "<group>"; };
		835462701C94E90500315F6A /* Base */ = {isa = PBXFileReference; lastKnownFileType = file.storyboard; name = Base; path = Base.lproj/Main.storyboard; sourceTree = "<group>"; };
		835462721C94E90500315F6A /* Assets.xcassets */ = {isa = PBXFileReference; lastKnownFileType = folder.assetcatalog; path = Assets.xcassets; sourceTree = "<group>"; };
		835462751C94E90500315F6A /* Base */ = {isa = PBXFileReference; lastKnownFileType = file.storyboard; name = Base; path = Base.lproj/LaunchScreen.storyboard; sourceTree = "<group>"; };
		835462771C94E90500315F6A /* Info.plist */ = {isa = PBXFileReference; lastKnownFileType = text.plist.xml; path = Info.plist; sourceTree = "<group>"; };
		8354627C1C94E90500315F6A /* HappinessTests.xctest */ = {isa = PBXFileReference; explicitFileType = wrapper.cfbundle; includeInIndex = 0; path = HappinessTests.xctest; sourceTree = BUILT_PRODUCTS_DIR; };
		835462801C94E90500315F6A /* HappinessTests.swift */ = {isa = PBXFileReference; lastKnownFileType = sourcecode.swift; path = HappinessTests.swift; sourceTree = "<group>"; };
		835462821C94E90500315F6A /* Info.plist */ = {isa = PBXFileReference; lastKnownFileType = text.plist.xml; path = Info.plist; sourceTree = "<group>"; };
		835462871C94E90500315F6A /* HappinessUITests.xctest */ = {isa = PBXFileReference; explicitFileType = wrapper.cfbundle; includeInIndex = 0; path = HappinessUITests.xctest; sourceTree = BUILT_PRODUCTS_DIR; };
		8354628B1C94E90500315F6A /* HappinessUITests.swift */ = {isa = PBXFileReference; lastKnownFileType = sourcecode.swift; path = HappinessUITests.swift; sourceTree = "<group>"; };
		8354628D1C94E90500315F6A /* Info.plist */ = {isa = PBXFileReference; lastKnownFileType = text.plist.xml; path = Info.plist; sourceTree = "<group>"; };
		8354629B1C94EA6600315F6A /* HappinessViewController.swift */ = {isa = PBXFileReference; fileEncoding = 4; lastKnownFileType = sourcecode.swift; path = HappinessViewController.swift; sourceTree = SOURCE_ROOT; };
		8354629D1C94EC0500315F6A /* FaceView.swift */ = {isa = PBXFileReference; fileEncoding = 4; lastKnownFileType = sourcecode.swift; path = FaceView.swift; sourceTree = "<group>"; };
/* End PBXFileReference section */

/* Begin PBXFrameworksBuildPhase section */
		835462651C94E90500315F6A /* Frameworks */ = {
			isa = PBXFrameworksBuildPhase;
			buildActionMask = 2147483647;
			files = (
			);
			runOnlyForDeploymentPostprocessing = 0;
		};
		835462791C94E90500315F6A /* Frameworks */ = {
			isa = PBXFrameworksBuildPhase;
			buildActionMask = 2147483647;
			files = (
			);
			runOnlyForDeploymentPostprocessing = 0;
		};
		835462841C94E90500315F6A /* Frameworks */ = {
			isa = PBXFrameworksBuildPhase;
			buildActionMask = 2147483647;
			files = (
			);
			runOnlyForDeploymentPostprocessing = 0;
		};
/* End PBXFrameworksBuildPhase section */

/* Begin PBXGroup section */
		8354625F1C94E90500315F6A = {
			isa = PBXGroup;
			children = (
				8354626A1C94E90500315F6A /* Happiness */,
				8354627F1C94E90500315F6A /* HappinessTests */,
				8354628A1C94E90500315F6A /* HappinessUITests */,
				835462691C94E90500315F6A /* Products */,
			);
			sourceTree = "<group>";
		};
		835462691C94E90500315F6A /* Products */ = {
			isa = PBXGroup;
			children = (
				835462681C94E90500315F6A /* Happiness.app */,
				8354627C1C94E90500315F6A /* HappinessTests.xctest */,
				835462871C94E90500315F6A /* HappinessUITests.xctest */,
			);
			name = Products;
			sourceTree = "<group>";
		};
		8354626A1C94E90500315F6A /* Happiness */ = {
			isa = PBXGroup;
			children = (
				8354629B1C94EA6600315F6A /* HappinessViewController.swift */,
				8354626B1C94E90500315F6A /* AppDelegate.swift */,
				8354626F1C94E90500315F6A /* Main.storyboard */,
				8354629D1C94EC0500315F6A /* FaceView.swift */,
				835462721C94E90500315F6A /* Assets.xcassets */,
				835462741C94E90500315F6A /* LaunchScreen.storyboard */,
				835462771C94E90500315F6A /* Info.plist */,
			);
			path = Happiness;
			sourceTree = "<group>";
		};
		8354627F1C94E90500315F6A /* HappinessTests */ = {
			isa = PBXGroup;
			children = (
				835462801C94E90500315F6A /* HappinessTests.swift */,
				835462821C94E90500315F6A /* Info.plist */,
			);
			path = HappinessTests;
			sourceTree = "<group>";
		};
		8354628A1C94E90500315F6A /* HappinessUITests */ = {
			isa = PBXGroup;
			children = (
				8354628B1C94E90500315F6A /* HappinessUITests.swift */,
				8354628D1C94E90500315F6A /* Info.plist */,
			);
			path = HappinessUITests;
			sourceTree = "<group>";
		};
/* End PBXGroup section */

/* Begin PBXNativeTarget section */
		835462671C94E90500315F6A /* Happiness */ = {
			isa = PBXNativeTarget;
			buildConfigurationList = 835462901C94E90500315F6A /* Build configuration list for PBXNativeTarget "Happiness" */;
			buildPhases = (
				835462641C94E90500315F6A /* Sources */,
				835462651C94E90500315F6A /* Frameworks */,
				835462661C94E90500315F6A /* Resources */,
			);
			buildRules = (
			);
			dependencies = (
			);
			name = Happiness;
			productName = Happiness;
			productReference = 835462681C94E90500315F6A /* Happiness.app */;
			productType = "com.apple.product-type.application";
		};
		8354627B1C94E90500315F6A /* HappinessTests */ = {
			isa = PBXNativeTarget;
			buildConfigurationList = 835462931C94E90500315F6A /* Build configuration list for PBXNativeTarget "HappinessTests" */;
			buildPhases = (
				835462781C94E90500315F6A /* Sources */,
				835462791C94E90500315F6A /* Frameworks */,
				8354627A1C94E90500315F6A /* Resources */,
			);
			buildRules = (
			);
			dependencies = (
				8354627E1C94E90500315F6A /* PBXTargetDependency */,
			);
			name = HappinessTests;
			productName = HappinessTests;
			productReference = 8354627C1C94E90500315F6A /* HappinessTests.xctest */;
			productType = "com.apple.product-type.bundle.unit-test";
		};
		835462861C94E90500315F6A /* HappinessUITests */ = {
			isa = PBXNativeTarget;
			buildConfigurationList = 835462961C94E90500315F6A /* Build configuration list for PBXNativeTarget "HappinessUITests" */;
			buildPhases = (
				835462831C94E90500315F6A /* Sources */,
				835462841C94E90500315F6A /* Frameworks */,
				835462851C94E90500315F6A /* Resources */,
			);
			buildRules = (
			);
			dependencies = (
				835462891C94E90500315F6A /* PBXTargetDependency */,
			);
			name = HappinessUITests;
			productName = HappinessUITests;
			productReference = 835462871C94E90500315F6A /* HappinessUITests.xctest */;
			productType = "com.apple.product-type.bundle.ui-testing";
		};
/* End PBXNativeTarget section */

/* Begin PBXProject section */
		835462601C94E90500315F6A /* Project object */ = {
			isa = PBXProject;
			attributes = {
				LastSwiftUpdateCheck = 0720;
				LastUpgradeCheck = 0720;
				ORGANIZATIONNAME = WePlanet;
				TargetAttributes = {
					835462671C94E90500315F6A = {
						CreatedOnToolsVersion = 7.2.1;
						DevelopmentTeam = BM22Q37EW3;
					};
					8354627B1C94E90500315F6A = {
						CreatedOnToolsVersion = 7.2.1;
						DevelopmentTeam = BM22Q37EW3;
						TestTargetID = 835462671C94E90500315F6A;
					};
					835462861C94E90500315F6A = {
						CreatedOnToolsVersion = 7.2.1;
						DevelopmentTeam = BM22Q37EW3;
						TestTargetID = 835462671C94E90500315F6A;
					};
				};
			};
			buildConfigurationList = 835462631C94E90500315F6A /* Build configuration list for PBXProject "Happiness" */;
			compatibilityVersion = "Xcode 3.2";
			developmentRegion = English;
			hasScannedForEncodings = 0;
			knownRegions = (
				en,
				Base,
			);
			mainGroup = 8354625F1C94E90500315F6A;
			productRefGroup = 835462691C94E90500315F6A /* Products */;
			projectDirPath = "";
			projectRoot = "";
			targets = (
				835462671C94E90500315F6A /* Happiness */,
				8354627B1C94E90500315F6A /* HappinessTests */,
				835462861C94E90500315F6A /* HappinessUITests */,
			);
		};
/* End PBXProject section */

/* Begin PBXResourcesBuildPhase section */
		835462661C94E90500315F6A /* Resources */ = {
			isa = PBXResourcesBuildPhase;
			buildActionMask = 2147483647;
			files = (
				835462761C94E90500315F6A /* LaunchScreen.storyboard in Resources */,
				835462731C94E90500315F6A /* Assets.xcassets in Resources */,
				835462711C94E90500315F6A /* Main.storyboard in Resources */,
			);
			runOnlyForDeploymentPostprocessing = 0;
		};
		8354627A1C94E90500315F6A /* Resources */ = {
			isa = PBXResourcesBuildPhase;
			buildActionMask = 2147483647;
			files = (
			);
			runOnlyForDeploymentPostprocessing = 0;
		};
		835462851C94E90500315F6A /* Resources */ = {
			isa = PBXResourcesBuildPhase;
			buildActionMask = 2147483647;
			files = (
			);
			runOnlyForDeploymentPostprocessing = 0;
		};
/* End PBXResourcesBuildPhase section */

/* Begin PBXSourcesBuildPhase section */
		835462641C94E90500315F6A /* Sources */ = {
			isa = PBXSourcesBuildPhase;
			buildActionMask = 2147483647;
			files = (
				8354629C1C94EA6600315F6A /* HappinessViewController.swift in Sources */,
				8354626C1C94E90500315F6A /* AppDelegate.swift in Sources */,
				8354629E1C94EC0500315F6A /* FaceView.swift in Sources */,
			);
			runOnlyForDeploymentPostprocessing = 0;
		};
		835462781C94E90500315F6A /* Sources */ = {
			isa = PBXSourcesBuildPhase;
			buildActionMask = 2147483647;
			files = (
				835462811C94E90500315F6A /* HappinessTests.swift in Sources */,
			);
			runOnlyForDeploymentPostprocessing = 0;
		};
		835462831C94E90500315F6A /* Sources */ = {
			isa = PBXSourcesBuildPhase;
			buildActionMask = 2147483647;
			files = (
				8354628C1C94E90500315F6A /* HappinessUITests.swift in Sources */,
			);
			runOnlyForDeploymentPostprocessing = 0;
		};
/* End PBXSourcesBuildPhase section */

/* Begin PBXTargetDependency section */
		8354627E1C94E90500315F6A /* PBXTargetDependency */ = {
			isa = PBXTargetDependency;
			target = 835462671C94E90500315F6A /* Happiness */;
			targetProxy = 8354627D1C94E90500315F6A /* PBXContainerItemProxy */;
		};
		835462891C94E90500315F6A /* PBXTargetDependency */ = {
			isa = PBXTargetDependency;
			target = 835462671C94E90500315F6A /* Happiness */;
			targetProxy = 835462881C94E90500315F6A /* PBXContainerItemProxy */;
		};
/* End PBXTargetDependency section */

/* Begin PBXVariantGroup section */
		8354626F1C94E90500315F6A /* Main.storyboard */ = {
			isa = PBXVariantGroup;
			children = (
				835462701C94E90500315F6A /* Base */,
			);
			name = Main.storyboard;
			sourceTree = "<group>";
		};
		835462741C94E90500315F6A /* LaunchScreen.storyboard */ = {
			isa = PBXVariantGroup;
			children = (
				835462751C94E90500315F6A /* Base */,
			);
			name = LaunchScreen.storyboard;
			sourceTree = "<group>";
		};
/* End PBXVariantGroup section */

/* Begin XCBuildConfiguration section */
		8354628E1C94E90500315F6A /* Debug */ = {
			isa = XCBuildConfiguration;
			buildSettings = {
				ALWAYS_SEARCH_USER_PATHS = NO;
				CLANG_CXX_LANGUAGE_STANDARD = "gnu++0x";
				CLANG_CXX_LIBRARY = "libc++";
				CLANG_ENABLE_MODULES = YES;
				CLANG_ENABLE_OBJC_ARC = YES;
				CLANG_WARN_BOOL_CONVERSION = YES;
				CLANG_WARN_CONSTANT_CONVERSION = YES;
				CLANG_WARN_DIRECT_OBJC_ISA_USAGE = YES_ERROR;
				CLANG_WARN_EMPTY_BODY = YES;
				CLANG_WARN_ENUM_CONVERSION = YES;
				CLANG_WARN_INT_CONVERSION = YES;
				CLANG_WARN_OBJC_ROOT_CLASS = YES_ERROR;
				CLANG_WARN_UNREACHABLE_CODE = YES;
				CLANG_WARN__DUPLICATE_METHOD_MATCH = YES;
				"CODE_SIGN_IDENTITY[sdk=iphoneos*]" = "iPhone Developer";
				COPY_PHASE_STRIP = NO;
				DEBUG_INFORMATION_FORMAT = dwarf;
				ENABLE_STRICT_OBJC_MSGSEND = YES;
				ENABLE_TESTABILITY = YES;
				GCC_C_LANGUAGE_STANDARD = gnu99;
				GCC_DYNAMIC_NO_PIC = NO;
				GCC_NO_COMMON_BLOCKS = YES;
				GCC_OPTIMIZATION_LEVEL = 0;
				GCC_PREPROCESSOR_DEFINITIONS = (
					"DEBUG=1",
					"$(inherited)",
				);
				GCC_WARN_64_TO_32_BIT_CONVERSION = YES;
				GCC_WARN_ABOUT_RETURN_TYPE = YES_ERROR;
				GCC_WARN_UNDECLARED_SELECTOR = YES;
				GCC_WARN_UNINITIALIZED_AUTOS = YES_AGGRESSIVE;
				GCC_WARN_UNUSED_FUNCTION = YES;
				GCC_WARN_UNUSED_VARIABLE = YES;
				IPHONEOS_DEPLOYMENT_TARGET = 9.2;
				MTL_ENABLE_DEBUG_INFO = YES;
				ONLY_ACTIVE_ARCH = YES;
				SDKROOT = iphoneos;
				SWIFT_OPTIMIZATION_LEVEL = "-Onone";
				TARGETED_DEVICE_FAMILY = "1,2";
			};
			name = Debug;
		};
		8354628F1C94E90500315F6A /* Release */ = {
			isa = XCBuildConfiguration;
			buildSettings = {
				ALWAYS_SEARCH_USER_PATHS = NO;
				CLANG_CXX_LANGUAGE_STANDARD = "gnu++0x";
				CLANG_CXX_LIBRARY = "libc++";
				CLANG_ENABLE_MODULES = YES;
				CLANG_ENABLE_OBJC_ARC = YES;
				CLANG_WARN_BOOL_CONVERSION = YES;
				CLANG_WARN_CONSTANT_CONVERSION = YES;
				CLANG_WARN_DIRECT_OBJC_ISA_USAGE = YES_ERROR;
				CLANG_WARN_EMPTY_BODY = YES;
				CLANG_WARN_ENUM_CONVERSION = YES;
				CLANG_WARN_INT_CONVERSION = YES;
				CLANG_WARN_OBJC_ROOT_CLASS = YES_ERROR;
				CLANG_WARN_UNREACHABLE_CODE = YES;
				CLANG_WARN__DUPLICATE_METHOD_MATCH = YES;
				"CODE_SIGN_IDENTITY[sdk=iphoneos*]" = "iPhone Developer";
				COPY_PHASE_STRIP = NO;
				DEBUG_INFORMATION_FORMAT = "dwarf-with-dsym";
				ENABLE_NS_ASSERTIONS = NO;
				ENABLE_STRICT_OBJC_MSGSEND = YES;
				GCC_C_LANGUAGE_STANDARD = gnu99;
				GCC_NO_COMMON_BLOCKS = YES;
				GCC_WARN_64_TO_32_BIT_CONVERSION = YES;
				GCC_WARN_ABOUT_RETURN_TYPE = YES_ERROR;
				GCC_WARN_UNDECLARED_SELECTOR = YES;
				GCC_WARN_UNINITIALIZED_AUTOS = YES_AGGRESSIVE;
				GCC_WARN_UNUSED_FUNCTION = YES;
				GCC_WARN_UNUSED_VARIABLE = YES;
				IPHONEOS_DEPLOYMENT_TARGET = 9.2;
				MTL_ENABLE_DEBUG_INFO = NO;
				SDKROOT = iphoneos;
				TARGETED_DEVICE_FAMILY = "1,2";
				VALIDATE_PRODUCT = YES;
			};
			name = Release;
		};
		835462911C94E90500315F6A /* Debug */ = {
			isa = XCBuildConfiguration;
			buildSettings = {
				ASSETCATALOG_COMPILER_APPICON_NAME = AppIcon;
				INFOPLIST_FILE = Happiness/Info.plist;
				LD_RUNPATH_SEARCH_PATHS = "$(inherited) @executable_path/Frameworks";
				PRODUCT_BUNDLE_IDENTIFIER = WePlanet.JeongwhanKim.Happiness;
				PRODUCT_NAME = "$(TARGET_NAME)";
			};
			name = Debug;
		};
		835462921C94E90500315F6A /* Release */ = {
			isa = XCBuildConfiguration;
			buildSettings = {
				ASSETCATALOG_COMPILER_APPICON_NAME = AppIcon;
				INFOPLIST_FILE = Happiness/Info.plist;
				LD_RUNPATH_SEARCH_PATHS = "$(inherited) @executable_path/Frameworks";
				PRODUCT_BUNDLE_IDENTIFIER = WePlanet.JeongwhanKim.Happiness;
				PRODUCT_NAME = "$(TARGET_NAME)";
			};
			name = Release;
		};
		835462941C94E90500315F6A /* Debug */ = {
			isa = XCBuildConfiguration;
			buildSettings = {
				BUNDLE_LOADER = "$(TEST_HOST)";
				INFOPLIST_FILE = HappinessTests/Info.plist;
				LD_RUNPATH_SEARCH_PATHS = "$(inherited) @executable_path/Frameworks @loader_path/Frameworks";
				PRODUCT_BUNDLE_IDENTIFIER = WePlanet.JeongwhanKim.HappinessTests;
				PRODUCT_NAME = "$(TARGET_NAME)";
				TEST_HOST = "$(BUILT_PRODUCTS_DIR)/Happiness.app/Happiness";
			};
			name = Debug;
		};
		835462951C94E90500315F6A /* Release */ = {
			isa = XCBuildConfiguration;
			buildSettings = {
				BUNDLE_LOADER = "$(TEST_HOST)";
				INFOPLIST_FILE = HappinessTests/Info.plist;
				LD_RUNPATH_SEARCH_PATHS = "$(inherited) @executable_path/Frameworks @loader_path/Frameworks";
				PRODUCT_BUNDLE_IDENTIFIER = WePlanet.JeongwhanKim.HappinessTests;
				PRODUCT_NAME = "$(TARGET_NAME)";
				TEST_HOST = "$(BUILT_PRODUCTS_DIR)/Happiness.app/Happiness";
			};
			name = Release;
		};
		835462971C94E90500315F6A /* Debug */ = {
			isa = XCBuildConfiguration;
			buildSettings = {
				INFOPLIST_FILE = HappinessUITests/Info.plist;
				LD_RUNPATH_SEARCH_PATHS = "$(inherited) @executable_path/Frameworks @loader_path/Frameworks";
				PRODUCT_BUNDLE_IDENTIFIER = WePlanet.JeongwhanKim.HappinessUITests;
				PRODUCT_NAME = "$(TARGET_NAME)";
				TEST_TARGET_NAME = Happiness;
				USES_XCTRUNNER = YES;
			};
			name = Debug;
		};
		835462981C94E90500315F6A /* Release */ = {
			isa = XCBuildConfiguration;
			buildSettings = {
				INFOPLIST_FILE = HappinessUITests/Info.plist;
				LD_RUNPATH_SEARCH_PATHS = "$(inherited) @executable_path/Frameworks @loader_path/Frameworks";
				PRODUCT_BUNDLE_IDENTIFIER = WePlanet.JeongwhanKim.HappinessUITests;
				PRODUCT_NAME = "$(TARGET_NAME)";
				TEST_TARGET_NAME = Happiness;
				USES_XCTRUNNER = YES;
			};
			name = Release;
		};
/* End XCBuildConfiguration section */

/* Begin XCConfigurationList section */
		835462631C94E90500315F6A /* Build configuration list for PBXProject "Happiness" */ = {
			isa = XCConfigurationList;
			buildConfigurations = (
				8354628E1C94E90500315F6A /* Debug */,
				8354628F1C94E90500315F6A /* Release */,
			);
			defaultConfigurationIsVisible = 0;
			defaultConfigurationName = Release;
		};
		835462901C94E90500315F6A /* Build configuration list for PBXNativeTarget "Happiness" */ = {
			isa = XCConfigurationList;
			buildConfigurations = (
				835462911C94E90500315F6A /* Debug */,
				835462921C94E90500315F6A /* Release */,
			);
			defaultConfigurationIsVisible = 0;
		};
		835462931C94E90500315F6A /* Build configuration list for PBXNativeTarget "HappinessTests" */ = {
			isa = XCConfigurationList;
			buildConfigurations = (
				835462941C94E90500315F6A /* Debug */,
				835462951C94E90500315F6A /* Release */,
			);
			defaultConfigurationIsVisible = 0;
		};
		835462961C94E90500315F6A /* Build configuration list for PBXNativeTarget "HappinessUITests" */ = {
			isa = XCConfigurationList;
			buildConfigurations = (
				835462971C94E90500315F6A /* Debug */,
				835462981C94E90500315F6A /* Release */,
			);
			defaultConfigurationIsVisible = 0;
		};
/* End XCConfigurationList section */
	};
	rootObject = 835462601C94E90500315F6A /* Project object */;
}
